Microsoft Visual Studio Solution File, Format Version 12.00
# Visual Studio 15
VisualStudioVersion = 15.0.26430.14
MinimumVisualStudioVersion = 10.0.40219.1
Project("{FAE04EC0-301F-11D3-BF4B-00C04F79EFBC}") = "APIMATICCalculator.Standard", "APIMATICCalculator.Standard/APIMATICCalculator.Standard.csproj", "{c62f6d3b-3b52-4f99-82a1-00e2006820a3}"
EndProject
Project("{FAE04EC0-301F-11D3-BF4B-00C04F79EFBC}") = "APIMATICCalculator.Tests", "APIMATICCalculator.Tests/APIMATICCalculator.Tests.csproj", "{c411f57f-ed68-48c0-be62-a96678e79f76}"
EndProject
Global
    GlobalSection(SolutionConfigurationPlatforms) = preSolution
        Debug|Any CPU = Debug|Any CPU
        Release|Any CPU = Release|Any CPU
    EndGlobalSection
    GlobalSection(ProjectConfigurationPlatforms) = postSolution
        {c62f6d3b-3b52-4f99-82a1-00e2006820a3}.Debug|Any CPU.ActiveCfg = Debug|Any CPU
        {c62f6d3b-3b52-4f99-82a1-00e2006820a3}.Debug|Any CPU.Build.0 = Debug|Any CPU
        {c62f6d3b-3b52-4f99-82a1-00e2006820a3}.Release|Any CPU.ActiveCfg = Release|Any CPU
        {c62f6d3b-3b52-4f99-82a1-00e2006820a3}.Release|Any CPU.Build.0 = Release|Any CPU
        {c411f57f-ed68-48c0-be62-a96678e79f76}.Debug|Any CPU.ActiveCfg = Debug|Any CPU
        {c411f57f-ed68-48c0-be62-a96678e79f76}.Debug|Any CPU.Build.0 = Debug|Any CPU
        {c411f57f-ed68-48c0-be62-a96678e79f76}.Release|Any CPU.ActiveCfg = Release|Any CPU
        {c411f57f-ed68-48c0-be62-a96678e79f76}.Release|Any CPU.Build.0 = Release|Any CPU
    EndGlobalSection
    GlobalSection(SolutionProperties) = preSolution
        HideSolutionNode = FALSE
    EndGlobalSection
EndGlobal
